Microsoft Visual Studio Solution File, Format Version 12.00
# Visual Studio Version 17
VisualStudioVersion = 17.5.2.0
MinimumVisualStudioVersion = 10.0.40219.1
Project("{FAE04EC0-301F-11D3-BF4B-00C04F79EFBC}") = "calculadoraclase", "calculadoraclase.csproj", "{B71545A7-597B-6DDB-DD13-CBE9B353D53E}"
EndProject
Global
	GlobalSection(SolutionConfigurationPlatforms) = preSolution
		Debug|Any CPU = Debug|Any CPU
		Release|Any CPU = Release|Any CPU
	EndGlobalSection
	GlobalSection(ProjectConfigurationPlatforms) = postSolution
		{B71545A7-597B-6DDB-DD13-CBE9B353D53E}.Debug|Any CPU.ActiveCfg = Debug|Any CPU
		{B71545A7-597B-6DDB-DD13-CBE9B353D53E}.Debug|Any CPU.Build.0 = Debug|Any CPU
		{B71545A7-597B-6DDB-DD13-CBE9B353D53E}.Release|Any CPU.ActiveCfg = Release|Any CPU
		{B71545A7-597B-6DDB-DD13-CBE9B353D53E}.Release|Any CPU.Build.0 = Release|Any CPU
	EndGlobalSection
	GlobalSection(SolutionProperties) = preSolution
		HideSolutionNode = FALSE
	EndGlobalSection
	GlobalSection(ExtensibilityGlobals) = postSolution
		SolutionGuid = {9B18FC24-8E57-40DF-BB52-0EE16C0A05D5}
	EndGlobalSection
EndGlobal
